
Microsoft Visual Studio Solution File, Format Version 12.00
# Visual Studio Version 16
VisualStudioVersion = 16.0.30128.74
MinimumVisualStudioVersion = 10.0.40219.1
Project("{FAE04EC0-301F-11D3-BF4B-00C04F79EFBC}") = "WinForm", "WinForm.csproj", "{226F6596-CB77-42ED-A96F-A3F3710E8C1F}"
EndProject
Project("{FAE04EC0-301F-11D3-BF4B-00C04F79EFBC}") = "DAL", "..\DAL\DAL.csproj", "{F160F87A-5D4B-4FD1-8CBC-3A4DDF99B481}"
EndProject
Project("{FAE04EC0-301F-11D3-BF4B-00C04F79EFBC}") = "BLL", "..\BLL\BLL.csproj", "{DA12D647-4AFB-4FCD-89BF-E0A58480653F}"
EndProject
Project("{FAE04EC0-301F-11D3-BF4B-00C04F79EFBC}") = "MODEL", "..\MODEL\MODEL.csproj", "{4E5B7A48-4EC4-4C4D-80A5-5A3BA12CC1F6}"
EndProject
Project("{FAE04EC0-301F-11D3-BF4B-00C04F79EFBC}") = "COMMON", "..\COMMON\COMMON.csproj", "{920581D0-F358-4918-BC06-1C8B27951A99}"
EndProject
Project("{FAE04EC0-301F-11D3-BF4B-00C04F79EFBC}") = "AutoUpdater", "..\AutoUpdater\AutoUpdater.csproj", "{EE24B2A5-3954-4D1A-B56C-F9E25EF4B586}"
EndProject
Project("{2150E333-8FDC-42A3-9474-1A3956D46DE8}") = "Warehouse Management Assist", "Warehouse Management Assist", "{916EC912-8325-4201-A4BD-A20E5C6430DF}"
EndProject
Global
	GlobalSection(SolutionConfigurationPlatforms) = preSolution
		Debug|Any CPU = Debug|Any CPU
		Release|Any CPU = Release|Any CPU
	EndGlobalSection
	GlobalSection(ProjectConfigurationPlatforms) = postSolution
		{226F6596-CB77-42ED-A96F-A3F3710E8C1F}.Debug|Any CPU.ActiveCfg = Debug|Any CPU
		{226F6596-CB77-42ED-A96F-A3F3710E8C1F}.Debug|Any CPU.Build.0 = Debug|Any CPU
		{226F6596-CB77-42ED-A96F-A3F3710E8C1F}.Release|Any CPU.ActiveCfg = Release|Any CPU
		{226F6596-CB77-42ED-A96F-A3F3710E8C1F}.Release|Any CPU.Build.0 = Release|Any CPU
		{F160F87A-5D4B-4FD1-8CBC-3A4DDF99B481}.Debug|Any CPU.ActiveCfg = Debug|Any CPU
		{F160F87A-5D4B-4FD1-8CBC-3A4DDF99B481}.Debug|Any CPU.Build.0 = Debug|Any CPU
		{F160F87A-5D4B-4FD1-8CBC-3A4DDF99B481}.Release|Any CPU.ActiveCfg = Release|Any CPU
		{F160F87A-5D4B-4FD1-8CBC-3A4DDF99B481}.Release|Any CPU.Build.0 = Release|Any CPU
		{DA12D647-4AFB-4FCD-89BF-E0A58480653F}.Debug|Any CPU.ActiveCfg = Debug|Any CPU
		{DA12D647-4AFB-4FCD-89BF-E0A58480653F}.Debug|Any CPU.Build.0 = Debug|Any CPU
		{DA12D647-4AFB-4FCD-89BF-E0A58480653F}.Release|Any CPU.ActiveCfg = Release|Any CPU
		{DA12D647-4AFB-4FCD-89BF-E0A58480653F}.Release|Any CPU.Build.0 = Release|Any CPU
		{4E5B7A48-4EC4-4C4D-80A5-5A3BA12CC1F6}.Debug|Any CPU.ActiveCfg = Debug|Any CPU
		{4E5B7A48-4EC4-4C4D-80A5-5A3BA12CC1F6}.Debug|Any CPU.Build.0 = Debug|Any CPU
		{4E5B7A48-4EC4-4C4D-80A5-5A3BA12CC1F6}.Release|Any CPU.ActiveCfg = Release|Any CPU
		{4E5B7A48-4EC4-4C4D-80A5-5A3BA12CC1F6}.Release|Any CPU.Build.0 = Release|Any CPU
		{920581D0-F358-4918-BC06-1C8B27951A99}.Debug|Any CPU.ActiveCfg = Debug|Any CPU
		{920581D0-F358-4918-BC06-1C8B27951A99}.Debug|Any CPU.Build.0 = Debug|Any CPU
		{920581D0-F358-4918-BC06-1C8B27951A99}.Release|Any CPU.ActiveCfg = Release|Any CPU
		{920581D0-F358-4918-BC06-1C8B27951A99}.Release|Any CPU.Build.0 = Release|Any CPU
		{EE24B2A5-3954-4D1A-B56C-F9E25EF4B586}.Debug|Any CPU.ActiveCfg = Debug|Any CPU
		{EE24B2A5-3954-4D1A-B56C-F9E25EF4B586}.Debug|Any CPU.Build.0 = Debug|Any CPU
		{EE24B2A5-3954-4D1A-B56C-F9E25EF4B586}.Release|Any CPU.ActiveCfg = Release|Any CPU
		{EE24B2A5-3954-4D1A-B56C-F9E25EF4B586}.Release|Any CPU.Build.0 = Release|Any CPU
	EndGlobalSection
	GlobalSection(SolutionProperties) = preSolution
		HideSolutionNode = FALSE
	EndGlobalSection
	GlobalSection(NestedProjects) = preSolution
		{226F6596-CB77-42ED-A96F-A3F3710E8C1F} = {916EC912-8325-4201-A4BD-A20E5C6430DF}
		{F160F87A-5D4B-4FD1-8CBC-3A4DDF99B481} = {916EC912-8325-4201-A4BD-A20E5C6430DF}
		{DA12D647-4AFB-4FCD-89BF-E0A58480653F} = {916EC912-8325-4201-A4BD-A20E5C6430DF}
		{4E5B7A48-4EC4-4C4D-80A5-5A3BA12CC1F6} = {916EC912-8325-4201-A4BD-A20E5C6430DF}
		{920581D0-F358-4918-BC06-1C8B27951A99} = {916EC912-8325-4201-A4BD-A20E5C6430DF}
		{EE24B2A5-3954-4D1A-B56C-F9E25EF4B586} = {916EC912-8325-4201-A4BD-A20E5C6430DF}
	EndGlobalSection
	GlobalSection(ExtensibilityGlobals) = postSolution
		SolutionGuid = {20F5002C-5452-4188-973B-43BB60CE055E}
	EndGlobalSection
EndGlobal
